
Microsoft Visual Studio Solution File, Format Version 12.00
# Visual Studio Version 16
VisualStudioVersion = 16.0.30204.135
MinimumVisualStudioVersion = 10.0.40219.1
Project("{FAE04EC0-301F-11D3-BF4B-00C04F79EFBC}") = "Blogg", "Blogg\Blogg.csproj", "{0B4BF945-4577-4794-84D8-DB9CD32D15C9}"
EndProject
Project("{FAE04EC0-301F-11D3-BF4B-00C04F79EFBC}") = "Blogg.Tests", "Blogg.Tests\Blogg.Tests.csproj", "{77A2371B-5DBF-4C6A-A509-F60547AC1CA5}"
EndProject
Global
	GlobalSection(SolutionConfigurationPlatforms) = preSolution
		Debug|Any CPU = Debug|Any CPU
		Release|Any CPU = Release|Any CPU
	EndGlobalSection
	GlobalSection(ProjectConfigurationPlatforms) = postSolution
		{0B4BF945-4577-4794-84D8-DB9CD32D15C9}.Debug|Any CPU.ActiveCfg = Debug|Any CPU
		{0B4BF945-4577-4794-84D8-DB9CD32D15C9}.Debug|Any CPU.Build.0 = Debug|Any CPU
		{0B4BF945-4577-4794-84D8-DB9CD32D15C9}.Release|Any CPU.ActiveCfg = Release|Any CPU
		{0B4BF945-4577-4794-84D8-DB9CD32D15C9}.Release|Any CPU.Build.0 = Release|Any CPU
		{77A2371B-5DBF-4C6A-A509-F60547AC1CA5}.Debug|Any CPU.ActiveCfg = Debug|Any CPU
		{77A2371B-5DBF-4C6A-A509-F60547AC1CA5}.Debug|Any CPU.Build.0 = Debug|Any CPU
		{77A2371B-5DBF-4C6A-A509-F60547AC1CA5}.Release|Any CPU.ActiveCfg = Release|Any CPU
		{77A2371B-5DBF-4C6A-A509-F60547AC1CA5}.Release|Any CPU.Build.0 = Release|Any CPU
	EndGlobalSection
	GlobalSection(SolutionProperties) = preSolution
		HideSolutionNode = FALSE
	EndGlobalSection
	GlobalSection(ExtensibilityGlobals) = postSolution
		SolutionGuid = {B0F1E9B0-95D3-4702-BC32-A8BA7F894360}
	EndGlobalSection
EndGlobal
